
Microsoft Visual Studio Solution File, Format Version 12.00
# Visual Studio 15
VisualStudioVersion = 15.0.27703.2018
MinimumVisualStudioVersion = 10.0.40219.1
Project("{FAE04EC0-301F-11D3-BF4B-00C04F79EFBC}") = "FlightAwareLib", "FlightAwareLib\FlightAwareLib.csproj", "{BFBEDD0A-3E9C-4D17-BC84-7E40112554EF}"
EndProject
Project("{FAE04EC0-301F-11D3-BF4B-00C04F79EFBC}") = "FlightAwareTestApp", "FlightAwareTestApp\FlightAwareTestApp.csproj", "{395AFDFC-B0B4-4C09-AC31-912C02D13581}"
EndProject
Global
	GlobalSection(SolutionConfigurationPlatforms) = preSolution
		Debug|Any CPU = Debug|Any CPU
		Release|Any CPU = Release|Any CPU
	EndGlobalSection
	GlobalSection(ProjectConfigurationPlatforms) = postSolution
		{BFBEDD0A-3E9C-4D17-BC84-7E40112554EF}.Debug|Any CPU.ActiveCfg = Debug|Any CPU
		{BFBEDD0A-3E9C-4D17-BC84-7E40112554EF}.Debug|Any CPU.Build.0 = Debug|Any CPU
		{BFBEDD0A-3E9C-4D17-BC84-7E40112554EF}.Release|Any CPU.ActiveCfg = Release|Any CPU
		{BFBEDD0A-3E9C-4D17-BC84-7E40112554EF}.Release|Any CPU.Build.0 = Release|Any CPU
		{395AFDFC-B0B4-4C09-AC31-912C02D13581}.Debug|Any CPU.ActiveCfg = Debug|Any CPU
		{395AFDFC-B0B4-4C09-AC31-912C02D13581}.Debug|Any CPU.Build.0 = Debug|Any CPU
		{395AFDFC-B0B4-4C09-AC31-912C02D13581}.Release|Any CPU.ActiveCfg = Release|Any CPU
		{395AFDFC-B0B4-4C09-AC31-912C02D13581}.Release|Any CPU.Build.0 = Release|Any CPU
	EndGlobalSection
	GlobalSection(SolutionProperties) = preSolution
		HideSolutionNode = FALSE
	EndGlobalSection
	GlobalSection(ExtensibilityGlobals) = postSolution
		SolutionGuid = {1A8023AA-A584-4438-90C9-C9AF25628BAC}
	EndGlobalSection
EndGlobal
